
Microsoft Visual Studio Solution File, Format Version 12.00
# Visual Studio Version 17
VisualStudioVersion = 17.7.34024.191
MinimumVisualStudioVersion = 10.0.40219.1
Project("{FAE04EC0-301F-11D3-BF4B-00C04F79EFBC}") = "LinearAlgebra", "Linear algebra\LinearAlgebra.csproj", "{7C20A4D8-0C91-4369-AF02-FA050C603016}"
EndProject
Project("{FAE04EC0-301F-11D3-BF4B-00C04F79EFBC}") = "TestConsoleProject", "TestProject\TestConsoleProject.csproj", "{FD6B2003-01DC-4F27-A3CB-308F66AD69D1}"
EndProject
Project("{FAE04EC0-301F-11D3-BF4B-00C04F79EFBC}") = "TestProject", "TestProject1\TestProject.csproj", "{EB2D162E-2030-429C-AF08-CBA9BD052236}"
EndProject
Global
	GlobalSection(SolutionConfigurationPlatforms) = preSolution
		Debug|Any CPU = Debug|Any CPU
		Release|Any CPU = Release|Any CPU
	EndGlobalSection
	GlobalSection(ProjectConfigurationPlatforms) = postSolution
		{7C20A4D8-0C91-4369-AF02-FA050C603016}.Debug|Any CPU.ActiveCfg = Debug|Any CPU
		{7C20A4D8-0C91-4369-AF02-FA050C603016}.Debug|Any CPU.Build.0 = Debug|Any CPU
		{7C20A4D8-0C91-4369-AF02-FA050C603016}.Release|Any CPU.ActiveCfg = Release|Any CPU
		{7C20A4D8-0C91-4369-AF02-FA050C603016}.Release|Any CPU.Build.0 = Release|Any CPU
		{FD6B2003-01DC-4F27-A3CB-308F66AD69D1}.Debug|Any CPU.ActiveCfg = Debug|Any CPU
		{FD6B2003-01DC-4F27-A3CB-308F66AD69D1}.Debug|Any CPU.Build.0 = Debug|Any CPU
		{FD6B2003-01DC-4F27-A3CB-308F66AD69D1}.Release|Any CPU.ActiveCfg = Release|Any CPU
		{FD6B2003-01DC-4F27-A3CB-308F66AD69D1}.Release|Any CPU.Build.0 = Release|Any CPU
		{EB2D162E-2030-429C-AF08-CBA9BD052236}.Debug|Any CPU.ActiveCfg = Debug|Any CPU
		{EB2D162E-2030-429C-AF08-CBA9BD052236}.Debug|Any CPU.Build.0 = Debug|Any CPU
		{EB2D162E-2030-429C-AF08-CBA9BD052236}.Release|Any CPU.ActiveCfg = Release|Any CPU
		{EB2D162E-2030-429C-AF08-CBA9BD052236}.Release|Any CPU.Build.0 = Release|Any CPU
	EndGlobalSection
	GlobalSection(SolutionProperties) = preSolution
		HideSolutionNode = FALSE
	EndGlobalSection
	GlobalSection(ExtensibilityGlobals) = postSolution
		SolutionGuid = {5E696009-3787-4F58-A03C-57E2AEBF9700}
	EndGlobalSection
EndGlobal
